// !$*UTF8*$!
{
	archiveVersion = 1;
	classes = {
	};
	objectVersion = 55;
	objects = {

/* Begin PBXBuildFile section */
		AE776839275EE2770037E356 /* CryptoTrackerApp.swift in Sources */ = {isa = PBXBuildFile; fileRef = AE776838275EE2770037E356 /* CryptoTrackerApp.swift */; };
		AE77683B275EE2770037E356 /* ContentView.swift in Sources */ = {isa = PBXBuildFile; fileRef = AE77683A275EE2770037E356 /* ContentView.swift */; };
		AE77683D275EE27A0037E356 /* Assets.xcassets in Resources */ = {isa = PBXBuildFile; fileRef = AE77683C275EE27A0037E356 /* Assets.xcassets */; };
		AE776840275EE27A0037E356 /* Preview Assets.xcassets in Resources */ = {isa = PBXBuildFile; fileRef = AE77683F275EE27A0037E356 /* Preview Assets.xcassets */; };
		AE776842275EE27A0037E356 /* Persistence.swift in Sources */ = {isa = PBXBuildFile; fileRef = AE776841275EE27A0037E356 /* Persistence.swift */; };
		AE776845275EE27A0037E356 /* CryptoTracker.xcdatamodeld in Sources */ = {isa = PBXBuildFile; fileRef = AE776843275EE27A0037E356 /* CryptoTracker.xcdatamodeld */; };
		AE77684C275EE3DA0037E356 /* RootView.swift in Sources */ = {isa = PBXBuildFile; fileRef = AE77684B275EE3DA0037E356 /* RootView.swift */; };
		AE77684E275EE52A0037E356 /* ImagePicker.swift in Sources */ = {isa = PBXBuildFile; fileRef = AE77684D275EE52A0037E356 /* ImagePicker.swift */; };
		AE776850275EE5750037E356 /* ProfileView.swift in Sources */ = {isa = PBXBuildFile; fileRef = AE77684F275EE5750037E356 /* ProfileView.swift */; };
		AE776852275EE7660037E356 /* ProfileViewModel.swift in Sources */ = {isa = PBXBuildFile; fileRef = AE776851275EE7660037E356 /* ProfileViewModel.swift */; };
		AE776857275FF8B40037E356 /* RequestHandler.swift in Sources */ = {isa = PBXBuildFile; fileRef = AE776856275FF8B40037E356 /* RequestHandler.swift */; };
		AE776859275FF8BF0037E356 /* ResponseHandler.swift in Sources */ = {isa = PBXBuildFile; fileRef = AE776858275FF8BF0037E356 /* ResponseHandler.swift */; };
		AE77685B275FF8CF0037E356 /* NetworkManager.swift in Sources */ = {isa = PBXBuildFile; fileRef = AE77685A275FF8CF0037E356 /* NetworkManager.swift */; };
		AE77685D275FF8F70037E356 /* HTTPMethod.swift in Sources */ = {isa = PBXBuildFile; fileRef = AE77685C275FF8F70037E356 /* HTTPMethod.swift */; };
		AE77685F276011A30037E356 /* NetworkStatus.swift in Sources */ = {isa = PBXBuildFile; fileRef = AE77685E276011A30037E356 /* NetworkStatus.swift */; };
		AE776861276012B80037E356 /* CryptoListView.swift in Sources */ = {isa = PBXBuildFile; fileRef = AE776860276012B80037E356 /* CryptoListView.swift */; };
		AE776863276013230037E356 /* CryptoDetailsView.swift in Sources */ = {isa = PBXBuildFile; fileRef = AE776862276013230037E356 /* CryptoDetailsView.swift */; };
		AE776865276013F80037E356 /* NetworkConfig.swift in Sources */ = {isa = PBXBuildFile; fileRef = AE776864276013F80037E356 /* NetworkConfig.swift */; };
		AE7768672760148A0037E356 /* CryptoListViewModel.swift in Sources */ = {isa = PBXBuildFile; fileRef = AE7768662760148A0037E356 /* CryptoListViewModel.swift */; };
		AE77686A2760177C0037E356 /* CryptoDataDTO.swift in Sources */ = {isa = PBXBuildFile; fileRef = AE7768692760177C0037E356 /* CryptoDataDTO.swift */; };
		AE77686C276017FE0037E356 /* CryptoListDTO.swift in Sources */ = {isa = PBXBuildFile; fileRef = AE77686B276017FE0037E356 /* CryptoListDTO.swift */; };
		AE77686E276019040037E356 /* StatusDTO.swift in Sources */ = {isa = PBXBuildFile; fileRef = AE77686D276019040037E356 /* StatusDTO.swift */; };
		AE77687027601F320037E356 /* CryptoData.swift in Sources */ = {isa = PBXBuildFile; fileRef = AE77686F27601F320037E356 /* CryptoData.swift */; };
		AE7768722760263B0037E356 /* QuoteDTO.swift in Sources */ = {isa = PBXBuildFile; fileRef = AE7768712760263B0037E356 /* QuoteDTO.swift */; };
/* End PBXBuildFile section */

/* Begin PBXFileReference section */
		AE776835275EE2770037E356 /* CryptoTracker.app */ = {isa = PBXFileReference; explicitFileType = wrapper.application; includeInIndex = 0; path = CryptoTracker.app; sourceTree = BUILT_PRODUCTS_DIR; };
		AE776838275EE2770037E356 /* CryptoTrackerApp.swift */ = {isa = PBXFileReference; lastKnownFileType = sourcecode.swift; path = CryptoTrackerApp.swift; sourceTree = "<group>"; };
		AE77683A275EE2770037E356 /* ContentView.swift */ = {isa = PBXFileReference; lastKnownFileType = sourcecode.swift; path = ContentView.swift; sourceTree = "<group>"; };
		AE77683C275EE27A0037E356 /* Assets.xcassets */ = {isa = PBXFileReference; lastKnownFileType = folder.assetcatalog; path = Assets.xcassets; sourceTree = "<group>"; };
		AE77683F275EE27A0037E356 /* Preview Assets.xcassets */ = {isa = PBXFileReference; lastKnownFileType = folder.assetcatalog; path = "Preview Assets.xcassets"; sourceTree = "<group>"; };
		AE776841275EE27A0037E356 /* Persistence.swift */ = {isa = PBXFileReference; lastKnownFileType = sourcecode.swift; path = Persistence.swift; sourceTree = "<group>"; };
		AE776844275EE27A0037E356 /* CryptoTracker.xcdatamodel */ = {isa = PBXFileReference; lastKnownFileType = wrapper.xcdatamodel; path = CryptoTracker.xcdatamodel; sourceTree = "<group>"; };
		AE77684B275EE3DA0037E356 /* RootView.swift */ = {isa = PBXFileReference; lastKnownFileType = sourcecode.swift; path = RootView.swift; sourceTree = "<group>"; };
		AE77684D275EE52A0037E356 /* ImagePicker.swift */ = {isa = PBXFileReference; lastKnownFileType = sourcecode.swift; path = ImagePicker.swift; sourceTree = "<group>"; };
		AE77684F275EE5750037E356 /* ProfileView.swift */ = {isa = PBXFileReference; lastKnownFileType = sourcecode.swift; path = ProfileView.swift; sourceTree = "<group>"; };
		AE776851275EE7660037E356 /* ProfileViewModel.swift */ = {isa = PBXFileReference; lastKnownFileType = sourcecode.swift; path = ProfileViewModel.swift; sourceTree = "<group>"; };
		AE776856275FF8B40037E356 /* RequestHandler.swift */ = {isa = PBXFileReference; lastKnownFileType = sourcecode.swift; path = RequestHandler.swift; sourceTree = "<group>"; };
		AE776858275FF8BF0037E356 /* ResponseHandler.swift */ = {isa = PBXFileReference; lastKnownFileType = sourcecode.swift; path = ResponseHandler.swift; sourceTree = "<group>"; };
		AE77685A275FF8CF0037E356 /* NetworkManager.swift */ = {isa = PBXFileReference; lastKnownFileType = sourcecode.swift; path = NetworkManager.swift; sourceTree = "<group>"; };
		AE77685C275FF8F70037E356 /* HTTPMethod.swift */ = {isa = PBXFileReference; lastKnownFileType = sourcecode.swift; path = HTTPMethod.swift; sourceTree = "<group>"; };
		AE77685E276011A30037E356 /* NetworkStatus.swift */ = {isa = PBXFileReference; lastKnownFileType = sourcecode.swift; path = NetworkStatus.swift; sourceTree = "<group>"; };
		AE776860276012B80037E356 /* CryptoListView.swift */ = {isa = PBXFileReference; lastKnownFileType = sourcecode.swift; path = CryptoListView.swift; sourceTree = "<group>"; };
		AE776862276013230037E356 /* CryptoDetailsView.swift */ = {isa = PBXFileReference; lastKnownFileType = sourcecode.swift; path = CryptoDetailsView.swift; sourceTree = "<group>"; };
		AE776864276013F80037E356 /* NetworkConfig.swift */ = {isa = PBXFileReference; lastKnownFileType = sourcecode.swift; path = NetworkConfig.swift; sourceTree = "<group>"; };
		AE7768662760148A0037E356 /* CryptoListViewModel.swift */ = {isa = PBXFileReference; lastKnownFileType = sourcecode.swift; path = CryptoListViewModel.swift; sourceTree = "<group>"; };
		AE7768692760177C0037E356 /* CryptoDataDTO.swift */ = {isa = PBXFileReference; lastKnownFileType = sourcecode.swift; path = CryptoDataDTO.swift; sourceTree = "<group>"; };
		AE77686B276017FE0037E356 /* CryptoListDTO.swift */ = {isa = PBXFileReference; lastKnownFileType = sourcecode.swift; path = CryptoListDTO.swift; sourceTree = "<group>"; };
		AE77686D276019040037E356 /* StatusDTO.swift */ = {isa = PBXFileReference; lastKnownFileType = sourcecode.swift; path = StatusDTO.swift; sourceTree = "<group>"; };
		AE77686F27601F320037E356 /* CryptoData.swift */ = {isa = PBXFileReference; lastKnownFileType = sourcecode.swift; path = CryptoData.swift; sourceTree = "<group>"; };
		AE7768712760263B0037E356 /* QuoteDTO.swift */ = {isa = PBXFileReference; lastKnownFileType = sourcecode.swift; path = QuoteDTO.swift; sourceTree = "<group>"; };
/* End PBXFileReference section */

/* Begin PBXFrameworksBuildPhase section */
		AE776832275EE2770037E356 /* Frameworks */ = {
			isa = PBXFrameworksBuildPhase;
			buildActionMask = 2147483647;
			files = (
			);
			runOnlyForDeploymentPostprocessing = 0;
		};
/* End PBXFrameworksBuildPhase section */

/* Begin PBXGroup section */
		AE77682C275EE2770037E356 = {
			isa = PBXGroup;
			children = (
				AE776837275EE2770037E356 /* CryptoTracker */,
				AE776836275EE2770037E356 /* Products */,
			);
			sourceTree = "<group>";
		};
		AE776836275EE2770037E356 /* Products */ = {
			isa = PBXGroup;
			children = (
				AE776835275EE2770037E356 /* CryptoTracker.app */,
			);
			name = Products;
			sourceTree = "<group>";
		};
		AE776837275EE2770037E356 /* CryptoTracker */ = {
			isa = PBXGroup;
			children = (
				AE77687327602A170037E356 /* Model */,
				AE776855275FF8950037E356 /* Network */,
				AE776854275EEFA60037E356 /* ViewModel */,
				AE776853275EEF970037E356 /* View */,
				AE776838275EE2770037E356 /* CryptoTrackerApp.swift */,
				AE77683A275EE2770037E356 /* ContentView.swift */,
				AE77683C275EE27A0037E356 /* Assets.xcassets */,
				AE776841275EE27A0037E356 /* Persistence.swift */,
				AE776843275EE27A0037E356 /* CryptoTracker.xcdatamodeld */,
				AE77683E275EE27A0037E356 /* Preview Content */,
			);
			path = CryptoTracker;
			sourceTree = "<group>";
		};
		AE77683E275EE27A0037E356 /* Preview Content */ = {
			isa = PBXGroup;
			children = (
				AE77683F275EE27A0037E356 /* Preview Assets.xcassets */,
			);
			path = "Preview Content";
			sourceTree = "<group>";
		};
		AE776853275EEF970037E356 /* View */ = {
			isa = PBXGroup;
			children = (
				AE77684B275EE3DA0037E356 /* RootView.swift */,
				AE77684D275EE52A0037E356 /* ImagePicker.swift */,
				AE77684F275EE5750037E356 /* ProfileView.swift */,
				AE776860276012B80037E356 /* CryptoListView.swift */,
				AE776862276013230037E356 /* CryptoDetailsView.swift */,
			);
			path = View;
			sourceTree = "<group>";
		};
		AE776854275EEFA60037E356 /* ViewModel */ = {
			isa = PBXGroup;
			children = (
				AE776851275EE7660037E356 /* ProfileViewModel.swift */,
				AE7768662760148A0037E356 /* CryptoListViewModel.swift */,
			);
			path = ViewModel;
			sourceTree = "<group>";
		};
		AE776855275FF8950037E356 /* Network */ = {
			isa = PBXGroup;
			children = (
				AE7768682760170E0037E356 /* DTO */,
				AE776856275FF8B40037E356 /* RequestHandler.swift */,
				AE776858275FF8BF0037E356 /* ResponseHandler.swift */,
				AE77685A275FF8CF0037E356 /* NetworkManager.swift */,
				AE77685C275FF8F70037E356 /* HTTPMethod.swift */,
				AE77685E276011A30037E356 /* NetworkStatus.swift */,
				AE776864276013F80037E356 /* NetworkConfig.swift */,
			);
			path = Network;
			sourceTree = "<group>";
		};
		AE7768682760170E0037E356 /* DTO */ = {
			isa = PBXGroup;
			children = (
				AE7768692760177C0037E356 /* CryptoDataDTO.swift */,
				AE77686B276017FE0037E356 /* CryptoListDTO.swift */,
				AE77686D276019040037E356 /* StatusDTO.swift */,
				AE7768712760263B0037E356 /* QuoteDTO.swift */,
			);
			path = DTO;
			sourceTree = "<group>";
		};
		AE77687327602A170037E356 /* Model */ = {
			isa = PBXGroup;
			children = (
				AE77686F27601F320037E356 /* CryptoData.swift */,
			);
			path = Model;
			sourceTree = "<group>";
		};
/* End PBXGroup section */

/* Begin PBXNativeTarget section */
		AE776834275EE2770037E356 /* CryptoTracker */ = {
			isa = PBXNativeTarget;
			buildConfigurationList = AE776848275EE27A0037E356 /* Build configuration list for PBXNativeTarget "CryptoTracker" */;
			buildPhases = (
				AE776831275EE2770037E356 /* Sources */,
				AE776832275EE2770037E356 /* Frameworks */,
				AE776833275EE2770037E356 /* Resources */,
			);
			buildRules = (
			);
			dependencies = (
			);
			name = CryptoTracker;
			productName = CryptoTracker;
			productReference = AE776835275EE2770037E356 /* CryptoTracker.app */;
			productType = "com.apple.product-type.application";
		};
/* End PBXNativeTarget section */

/* Begin PBXProject section */
		AE77682D275EE2770037E356 /* Project object */ = {
			isa = PBXProject;
			attributes = {
				BuildIndependentTargetsInParallel = 1;
				LastSwiftUpdateCheck = 1310;
				LastUpgradeCheck = 1310;
				TargetAttributes = {
					AE776834275EE2770037E356 = {
						CreatedOnToolsVersion = 13.1;
					};
				};
			};
			buildConfigurationList = AE776830275EE2770037E356 /* Build configuration list for PBXProject "CryptoTracker" */;
			compatibilityVersion = "Xcode 13.0";
			developmentRegion = en;
			hasScannedForEncodings = 0;
			knownRegions = (
				en,
				Base,
			);
			mainGroup = AE77682C275EE2770037E356;
			productRefGroup = AE776836275EE2770037E356 /* Products */;
			projectDirPath = "";
			projectRoot = "";
			targets = (
				AE776834275EE2770037E356 /* CryptoTracker */,
			);
		};
/* End PBXProject section */

/* Begin PBXResourcesBuildPhase section */
		AE776833275EE2770037E356 /* Resources */ = {
			isa = PBXResourcesBuildPhase;
			buildActionMask = 2147483647;
			files = (
				AE776840275EE27A0037E356 /* Preview Assets.xcassets in Resources */,
				AE77683D275EE27A0037E356 /* Assets.xcassets in Resources */,
			);
			runOnlyForDeploymentPostprocessing = 0;
		};
/* End PBXResourcesBuildPhase section */

/* Begin PBXSourcesBuildPhase section */
		AE776831275EE2770037E356 /* Sources */ = {
			isa = PBXSourcesBuildPhase;
			buildActionMask = 2147483647;
			files = (
				AE776842275EE27A0037E356 /* Persistence.swift in Sources */,
				AE776861276012B80037E356 /* CryptoListView.swift in Sources */,
				AE7768672760148A0037E356 /* CryptoListViewModel.swift in Sources */,
				AE77683B275EE2770037E356 /* ContentView.swift in Sources */,
				AE776839275EE2770037E356 /* CryptoTrackerApp.swift in Sources */,
				AE776859275FF8BF0037E356 /* ResponseHandler.swift in Sources */,
				AE7768722760263B0037E356 /* QuoteDTO.swift in Sources */,
				AE77685B275FF8CF0037E356 /* NetworkManager.swift in Sources */,
				AE77684E275EE52A0037E356 /* ImagePicker.swift in Sources */,
				AE776865276013F80037E356 /* NetworkConfig.swift in Sources */,
				AE776845275EE27A0037E356 /* CryptoTracker.xcdatamodeld in Sources */,
				AE776857275FF8B40037E356 /* RequestHandler.swift in Sources */,
				AE77685F276011A30037E356 /* NetworkStatus.swift in Sources */,
				AE77685D275FF8F70037E356 /* HTTPMethod.swift in Sources */,
				AE77686E276019040037E356 /* StatusDTO.swift in Sources */,
				AE77686A2760177C0037E356 /* CryptoDataDTO.swift in Sources */,
				AE776850275EE5750037E356 /* ProfileView.swift in Sources */,
				AE776863276013230037E356 /* CryptoDetailsView.swift in Sources */,
				AE77687027601F320037E356 /* CryptoData.swift in Sources */,
				AE776852275EE7660037E356 /* ProfileViewModel.swift in Sources */,
				AE77684C275EE3DA0037E356 /* RootView.swift in Sources */,
				AE77686C276017FE0037E356 /* CryptoListDTO.swift in Sources */,
			);
			runOnlyForDeploymentPostprocessing = 0;
		};
/* End PBXSourcesBuildPhase section */

/* Begin XCBuildConfiguration section */
		AE776846275EE27A0037E356 /* Debug */ = {
			isa = XCBuildConfiguration;
			buildSettings = {
				ALWAYS_SEARCH_USER_PATHS = NO;
				CLANG_ANALYZER_NONNULL = YES;
				CLANG_ANALYZER_NUMBER_OBJECT_CONVERSION = YES_AGGRESSIVE;
				CLANG_CXX_LANGUAGE_STANDARD = "gnu++17";
				CLANG_CXX_LIBRARY = "libc++";
				CLANG_ENABLE_MODULES = YES;
				CLANG_ENABLE_OBJC_ARC = YES;
				CLANG_ENABLE_OBJC_WEAK = YES;
				CLANG_WARN_BLOCK_CAPTURE_AUTORELEASING = YES;
				CLANG_WARN_BOOL_CONVERSION = YES;
				CLANG_WARN_COMMA = YES;
				CLANG_WARN_CONSTANT_CONVERSION = YES;
				CLANG_WARN_DEPRECATED_OBJC_IMPLEMENTATIONS = YES;
				CLANG_WARN_DIRECT_OBJC_ISA_USAGE = YES_ERROR;
				CLANG_WARN_DOCUMENTATION_COMMENTS = YES;
				CLANG_WARN_EMPTY_BODY = YES;
				CLANG_WARN_ENUM_CONVERSION = YES;
				CLANG_WARN_INFINITE_RECURSION = YES;
				CLANG_WARN_INT_CONVERSION = YES;
				CLANG_WARN_NON_LITERAL_NULL_CONVERSION = YES;
				CLANG_WARN_OBJC_IMPLICIT_RETAIN_SELF = YES;
				CLANG_WARN_OBJC_LITERAL_CONVERSION = YES;
				CLANG_WARN_OBJC_ROOT_CLASS = YES_ERROR;
				CLANG_WARN_QUOTED_INCLUDE_IN_FRAMEWORK_HEADER = YES;
				CLANG_WARN_RANGE_LOOP_ANALYSIS = YES;
				CLANG_WARN_STRICT_PROTOTYPES = YES;
				CLANG_WARN_SUSPICIOUS_MOVE = YES;
				CLANG_WARN_UNGUARDED_AVAILABILITY = YES_AGGRESSIVE;
				CLANG_WARN_UNREACHABLE_CODE = YES;
				CLANG_WARN__DUPLICATE_METHOD_MATCH = YES;
				COPY_PHASE_STRIP = NO;
				DEBUG_INFORMATION_FORMAT = dwarf;
				ENABLE_STRICT_OBJC_MSGSEND = YES;
				ENABLE_TESTABILITY = YES;
				GCC_C_LANGUAGE_STANDARD = gnu11;
				GCC_DYNAMIC_NO_PIC = NO;
				GCC_NO_COMMON_BLOCKS = YES;
				GCC_OPTIMIZATION_LEVEL = 0;
				GCC_PREPROCESSOR_DEFINITIONS = (
					"DEBUG=1",
					"$(inherited)",
				);
				GCC_WARN_64_TO_32_BIT_CONVERSION = YES;
				GCC_WARN_ABOUT_RETURN_TYPE = YES_ERROR;
				GCC_WARN_UNDECLARED_SELECTOR = YES;
				GCC_WARN_UNINITIALIZED_AUTOS = YES_AGGRESSIVE;
				GCC_WARN_UNUSED_FUNCTION = YES;
				GCC_WARN_UNUSED_VARIABLE = YES;
				IPHONEOS_DEPLOYMENT_TARGET = 15.0;
				MTL_ENABLE_DEBUG_INFO = INCLUDE_SOURCE;
				MTL_FAST_MATH = YES;
				ONLY_ACTIVE_ARCH = YES;
				SDKROOT = iphoneos;
				SWIFT_ACTIVE_COMPILATION_CONDITIONS = DEBUG;
				SWIFT_OPTIMIZATION_LEVEL = "-Onone";
			};
			name = Debug;
		};
		AE776847275EE27A0037E356 /* Release */ = {
			isa = XCBuildConfiguration;
			buildSettings = {
				ALWAYS_SEARCH_USER_PATHS = NO;
				CLANG_ANALYZER_NONNULL = YES;
				CLANG_ANALYZER_NUMBER_OBJECT_CONVERSION = YES_AGGRESSIVE;
				CLANG_CXX_LANGUAGE_STANDARD = "gnu++17";
				CLANG_CXX_LIBRARY = "libc++";
				CLANG_ENABLE_MODULES = YES;
				CLANG_ENABLE_OBJC_ARC = YES;
				CLANG_ENABLE_OBJC_WEAK = YES;
				CLANG_WARN_BLOCK_CAPTURE_AUTORELEASING = YES;
				CLANG_WARN_BOOL_CONVERSION = YES;
				CLANG_WARN_COMMA = YES;
				CLANG_WARN_CONSTANT_CONVERSION = YES;
				CLANG_WARN_DEPRECATED_OBJC_IMPLEMENTATIONS = YES;
				CLANG_WARN_DIRECT_OBJC_ISA_USAGE = YES_ERROR;
				CLANG_WARN_DOCUMENTATION_COMMENTS = YES;
				CLANG_WARN_EMPTY_BODY = YES;
				CLANG_WARN_ENUM_CONVERSION = YES;
				CLANG_WARN_INFINITE_RECURSION = YES;
				CLANG_WARN_INT_CONVERSION = YES;
				CLANG_WARN_NON_LITERAL_NULL_CONVERSION = YES;
				CLANG_WARN_OBJC_IMPLICIT_RETAIN_SELF = YES;
				CLANG_WARN_OBJC_LITERAL_CONVERSION = YES;
				CLANG_WARN_OBJC_ROOT_CLASS = YES_ERROR;
				CLANG_WARN_QUOTED_INCLUDE_IN_FRAMEWORK_HEADER = YES;
				CLANG_WARN_RANGE_LOOP_ANALYSIS = YES;
				CLANG_WARN_STRICT_PROTOTYPES = YES;
				CLANG_WARN_SUSPICIOUS_MOVE = YES;
				CLANG_WARN_UNGUARDED_AVAILABILITY = YES_AGGRESSIVE;
				CLANG_WARN_UNREACHABLE_CODE = YES;
				CLANG_WARN__DUPLICATE_METHOD_MATCH = YES;
				COPY_PHASE_STRIP = NO;
				DEBUG_INFORMATION_FORMAT = "dwarf-with-dsym";
				ENABLE_NS_ASSERTIONS = NO;
				ENABLE_STRICT_OBJC_MSGSEND = YES;
				GCC_C_LANGUAGE_STANDARD = gnu11;
				GCC_NO_COMMON_BLOCKS = YES;
				GCC_WARN_64_TO_32_BIT_CONVERSION = YES;
				GCC_WARN_ABOUT_RETURN_TYPE = YES_ERROR;
				GCC_WARN_UNDECLARED_SELECTOR = YES;
				GCC_WARN_UNINITIALIZED_AUTOS = YES_AGGRESSIVE;
				GCC_WARN_UNUSED_FUNCTION = YES;
				GCC_WARN_UNUSED_VARIABLE = YES;
				IPHONEOS_DEPLOYMENT_TARGET = 15.0;
				MTL_ENABLE_DEBUG_INFO = NO;
				MTL_FAST_MATH = YES;
				SDKROOT = iphoneos;
				SWIFT_COMPILATION_MODE = wholemodule;
				SWIFT_OPTIMIZATION_LEVEL = "-O";
				VALIDATE_PRODUCT = YES;
			};
			name = Release;
		};
		AE776849275EE27A0037E356 /* Debug */ = {
			isa = XCBuildConfiguration;
			buildSettings = {
				ASSETCATALOG_COMPILER_APPICON_NAME = AppIcon;
				ASSETCATALOG_COMPILER_GLOBAL_ACCENT_COLOR_NAME = AccentColor;
				CODE_SIGN_STYLE = Automatic;
				CURRENT_PROJECT_VERSION = 1;
				DEVELOPMENT_ASSET_PATHS = "\"CryptoTracker/Preview Content\"";
				DEVELOPMENT_TEAM = HFG2KVG887;
				ENABLE_PREVIEWS = YES;
				GENERATE_INFOPLIST_FILE = YES;
				INFOPLIST_KEY_UIApplicationSceneManifest_Generation = YES;
				INFOPLIST_KEY_UIApplicationSupportsIndirectInputEvents = YES;
				INFOPLIST_KEY_UILaunchScreen_Generation = YES;
				INFOPLIST_KEY_UISupportedInterfaceOrientations_iPad = "UIInterfaceOrientationPortrait UIInterfaceOrientationPortraitUpsideDown UIInterfaceOrientationLandscapeLeft UIInterfaceOrientationLandscapeRight";
				INFOPLIST_KEY_UISupportedInterfaceOrientations_iPhone = "UIInterfaceOrientationPortrait UIInterfaceOrientationLandscapeLeft UIInterfaceOrientationLandscapeRight";
				LD_RUNPATH_SEARCH_PATHS = (
					"$(inherited)",
					"@executable_path/Frameworks",
				);
				MARKETING_VERSION = 1.0;
				PRODUCT_BUNDLE_IDENTIFIER = com.norbertgal.CryptoTracker;
				PRODUCT_NAME = "$(TARGET_NAME)";
				SWIFT_EMIT_LOC_STRINGS = YES;
				SWIFT_VERSION = 5.0;
				TARGETED_DEVICE_FAMILY = "1,2";
			};
			name = Debug;
		};
		AE77684A275EE27A0037E356 /* Release */ = {
			isa = XCBuildConfiguration;
			buildSettings = {
				ASSETCATALOG_COMPILER_APPICON_NAME = AppIcon;
				ASSETCATALOG_COMPILER_GLOBAL_ACCENT_COLOR_NAME = AccentColor;
				CODE_SIGN_STYLE = Automatic;
				CURRENT_PROJECT_VERSION = 1;
				DEVELOPMENT_ASSET_PATHS = "\"CryptoTracker/Preview Content\"";
				DEVELOPMENT_TEAM = HFG2KVG887;
				ENABLE_PREVIEWS = YES;
				GENERATE_INFOPLIST_FILE = YES;
				INFOPLIST_KEY_UIApplicationSceneManifest_Generation = YES;
				INFOPLIST_KEY_UIApplicationSupportsIndirectInputEvents = YES;
				INFOPLIST_KEY_UILaunchScreen_Generation = YES;
				INFOPLIST_KEY_UISupportedInterfaceOrientations_iPad = "UIInterfaceOrientationPortrait UIInterfaceOrientationPortraitUpsideDown UIInterfaceOrientationLandscapeLeft UIInterfaceOrientationLandscapeRight";
				INFOPLIST_KEY_UISupportedInterfaceOrientations_iPhone = "UIInterfaceOrientationPortrait UIInterfaceOrientationLandscapeLeft UIInterfaceOrientationLandscapeRight";
				LD_RUNPATH_SEARCH_PATHS = (
					"$(inherited)",
					"@executable_path/Frameworks",
				);
				MARKETING_VERSION = 1.0;
				PRODUCT_BUNDLE_IDENTIFIER = com.norbertgal.CryptoTracker;
				PRODUCT_NAME = "$(TARGET_NAME)";
				SWIFT_EMIT_LOC_STRINGS = YES;
				SWIFT_VERSION = 5.0;
				TARGETED_DEVICE_FAMILY = "1,2";
			};
			name = Release;
		};
/* End XCBuildConfiguration section */

/* Begin XCConfigurationList section */
		AE776830275EE2770037E356 /* Build configuration list for PBXProject "CryptoTracker" */ = {
			isa = XCConfigurationList;
			buildConfigurations = (
				AE776846275EE27A0037E356 /* Debug */,
				AE776847275EE27A0037E356 /* Release */,
			);
			defaultConfigurationIsVisible = 0;
			defaultConfigurationName = Release;
		};
		AE776848275EE27A0037E356 /* Build configuration list for PBXNativeTarget "CryptoTracker" */ = {
			isa = XCConfigurationList;
			buildConfigurations = (
				AE776849275EE27A0037E356 /* Debug */,
				AE77684A275EE27A0037E356 /* Release */,
			);
			defaultConfigurationIsVisible = 0;
			defaultConfigurationName = Release;
		};
/* End XCConfigurationList section */

/* Begin XCVersionGroup section */
		AE776843275EE27A0037E356 /* CryptoTracker.xcdatamodeld */ = {
			isa = XCVersionGroup;
			children = (
				AE776844275EE27A0037E356 /* CryptoTracker.xcdatamodel */,
			);
			currentVersion = AE776844275EE27A0037E356 /* CryptoTracker.xcdatamodel */;
			path = CryptoTracker.xcdatamodeld;
			sourceTree = "<group>";
			versionGroupType = wrapper.xcdatamodel;
		};
/* End XCVersionGroup section */
	};
	rootObject = AE77682D275EE2770037E356 /* Project object */;
}
